// !$*UTF8*$!
{
	archiveVersion = 1;
	classes = {
	};
	objectVersion = 50;
	objects = {

/* Begin PBXBuildFile section */
		C28376C12722574900B9711C /* CourseSchedule.cpp in Sources */ = {isa = PBXBuildFile; fileRef = C28376C02722574900B9711C /* CourseSchedule.cpp */; };
		C2847924271BC26200A142D0 /* Course.cpp in Sources */ = {isa = PBXBuildFile; fileRef = C2847922271BC26200A142D0 /* Course.cpp */; };
		C28FB73327168E1C009DCC65 /* main.cpp in Sources */ = {isa = PBXBuildFile; fileRef = C28FB73227168E1C009DCC65 /* main.cpp */; };
		C28FB73F271696D8009DCC65 /* Time.cpp in Sources */ = {isa = PBXBuildFile; fileRef = C28FB73E271696D8009DCC65 /* Time.cpp */; };
		C28FB74227190042009DCC65 /* Date.cpp in Sources */ = {isa = PBXBuildFile; fileRef = C28FB74127190042009DCC65 /* Date.cpp */; };
		C2ACF27B271FBB7100FD5D1C /* Semester.cpp in Sources */ = {isa = PBXBuildFile; fileRef = C2ACF27A271FBB7100FD5D1C /* Semester.cpp */; };
/* End PBXBuildFile section */

/* Begin PBXCopyFilesBuildPhase section */
		C28FB72D27168E1C009DCC65 /* CopyFiles */ = {
			isa = PBXCopyFilesBuildPhase;
			buildActionMask = 2147483647;
			dstPath = /usr/share/man/man1/;
			dstSubfolderSpec = 0;
			files = (
			);
			runOnlyForDeploymentPostprocessing = 1;
		};
/* End PBXCopyFilesBuildPhase section */

/* Begin PBXFileReference section */
		C28376BF272256D700B9711C /* CourseSchedule.h */ = {isa = PBXFileReference; lastKnownFileType = sourcecode.c.h; path = CourseSchedule.h; sourceTree = "<group>"; };
		C28376C02722574900B9711C /* CourseSchedule.cpp */ = {isa = PBXFileReference; lastKnownFileType = sourcecode.cpp.cpp; path = CourseSchedule.cpp; sourceTree = "<group>"; };
		C2847921271BC1EF00A142D0 /* Course.h */ = {isa = PBXFileReference; lastKnownFileType = sourcecode.c.h; path = Course.h; sourceTree = "<group>"; };
		C2847922271BC26200A142D0 /* Course.cpp */ = {isa = PBXFileReference; lastKnownFileType = sourcecode.cpp.cpp; path = Course.cpp; sourceTree = "<group>"; };
		C28FB72F27168E1C009DCC65 /* Midterm */ = {isa = PBXFileReference; explicitFileType = "compiled.mach-o.executable"; includeInIndex = 0; path = Midterm; sourceTree = BUILT_PRODUCTS_DIR; };
		C28FB73227168E1C009DCC65 /* main.cpp */ = {isa = PBXFileReference; lastKnownFileType = sourcecode.cpp.cpp; path = main.cpp; sourceTree = "<group>"; };
		C28FB73D271696AB009DCC65 /* Time.h */ = {isa = PBXFileReference; lastKnownFileType = sourcecode.c.h; path = Time.h; sourceTree = "<group>"; };
		C28FB73E271696D8009DCC65 /* Time.cpp */ = {isa = PBXFileReference; lastKnownFileType = sourcecode.cpp.cpp; path = Time.cpp; sourceTree = "<group>"; };
		C28FB7402719000E009DCC65 /* Date.h */ = {isa = PBXFileReference; lastKnownFileType = sourcecode.c.h; path = Date.h; sourceTree = "<group>"; };
		C28FB74127190042009DCC65 /* Date.cpp */ = {isa = PBXFileReference; lastKnownFileType = sourcecode.cpp.cpp; path = Date.cpp; sourceTree = "<group>"; };
		C2ACF279271FBACE00FD5D1C /* Semester.h */ = {isa = PBXFileReference; lastKnownFileType = sourcecode.c.h; path = Semester.h; sourceTree = "<group>"; };
		C2ACF27A271FBB7100FD5D1C /* Semester.cpp */ = {isa = PBXFileReference; lastKnownFileType = sourcecode.cpp.cpp; path = Semester.cpp; sourceTree = "<group>"; };
/* End PBXFileReference section */

/* Begin PBXFrameworksBuildPhase section */
		C28FB72C27168E1C009DCC65 /* Frameworks */ = {
			isa = PBXFrameworksBuildPhase;
			buildActionMask = 2147483647;
			files = (
			);
			runOnlyForDeploymentPostprocessing = 0;
		};
/* End PBXFrameworksBuildPhase section */

/* Begin PBXGroup section */
		C28FB72627168E1C009DCC65 = {
			isa = PBXGroup;
			children = (
				C28FB73127168E1C009DCC65 /* Midterm */,
				C28FB73027168E1C009DCC65 /* Products */,
			);
			sourceTree = "<group>";
		};
		C28FB73027168E1C009DCC65 /* Products */ = {
			isa = PBXGroup;
			children = (
				C28FB72F27168E1C009DCC65 /* Midterm */,
			);
			name = Products;
			sourceTree = "<group>";
		};
		C28FB73127168E1C009DCC65 /* Midterm */ = {
			isa = PBXGroup;
			children = (
				C28FB73227168E1C009DCC65 /* main.cpp */,
				C28FB73D271696AB009DCC65 /* Time.h */,
				C28FB73E271696D8009DCC65 /* Time.cpp */,
				C28FB7402719000E009DCC65 /* Date.h */,
				C28FB74127190042009DCC65 /* Date.cpp */,
				C2847921271BC1EF00A142D0 /* Course.h */,
				C2847922271BC26200A142D0 /* Course.cpp */,
				C2ACF279271FBACE00FD5D1C /* Semester.h */,
				C2ACF27A271FBB7100FD5D1C /* Semester.cpp */,
				C28376BF272256D700B9711C /* CourseSchedule.h */,
				C28376C02722574900B9711C /* CourseSchedule.cpp */,
			);
			path = Midterm;
			sourceTree = "<group>";
		};
/* End PBXGroup section */

/* Begin PBXNativeTarget section */
		C28FB72E27168E1C009DCC65 /* Midterm */ = {
			isa = PBXNativeTarget;
			buildConfigurationList = C28FB73627168E1C009DCC65 /* Build configuration list for PBXNativeTarget "Midterm" */;
			buildPhases = (
				C28FB72B27168E1C009DCC65 /* Sources */,
				C28FB72C27168E1C009DCC65 /* Frameworks */,
				C28FB72D27168E1C009DCC65 /* CopyFiles */,
			);
			buildRules = (
			);
			dependencies = (
			);
			name = Midterm;
			productName = Midterm;
			productReference = C28FB72F27168E1C009DCC65 /* Midterm */;
			productType = "com.apple.product-type.tool";
		};
/* End PBXNativeTarget section */

/* Begin PBXProject section */
		C28FB72727168E1C009DCC65 /* Project object */ = {
			isa = PBXProject;
			attributes = {
				LastUpgradeCheck = 1300;
				TargetAttributes = {
					C28FB72E27168E1C009DCC65 = {
						CreatedOnToolsVersion = 12.5.1;
					};
				};
			};
			buildConfigurationList = C28FB72A27168E1C009DCC65 /* Build configuration list for PBXProject "Midterm" */;
			compatibilityVersion = "Xcode 9.3";
			developmentRegion = en;
			hasScannedForEncodings = 0;
			knownRegions = (
				en,
				Base,
			);
			mainGroup = C28FB72627168E1C009DCC65;
			productRefGroup = C28FB73027168E1C009DCC65 /* Products */;
			projectDirPath = "";
			projectRoot = "";
			targets = (
				C28FB72E27168E1C009DCC65 /* Midterm */,
			);
		};
/* End PBXProject section */

/* Begin PBXSourcesBuildPhase section */
		C28FB72B27168E1C009DCC65 /* Sources */ = {
			isa = PBXSourcesBuildPhase;
			buildActionMask = 2147483647;
			files = (
				C2847924271BC26200A142D0 /* Course.cpp in Sources */,
				C2ACF27B271FBB7100FD5D1C /* Semester.cpp in Sources */,
				C28FB74227190042009DCC65 /* Date.cpp in Sources */,
				C28FB73F271696D8009DCC65 /* Time.cpp in Sources */,
				C28FB73327168E1C009DCC65 /* main.cpp in Sources */,
				C28376C12722574900B9711C /* CourseSchedule.cpp in Sources */,
			);
			runOnlyForDeploymentPostprocessing = 0;
		};
/* End PBXSourcesBuildPhase section */

/* Begin XCBuildConfiguration section */
		C28FB73427168E1C009DCC65 /* Debug */ = {
			isa = XCBuildConfiguration;
			buildSettings = {
				ALWAYS_SEARCH_USER_PATHS = NO;
				CLANG_ANALYZER_NONNULL = YES;
				CLANG_ANALYZER_NUMBER_OBJECT_CONVERSION = YES_AGGRESSIVE;
				CLANG_CXX_LANGUAGE_STANDARD = "gnu++14";
				CLANG_CXX_LIBRARY = "libc++";
				CLANG_ENABLE_MODULES = YES;
				CLANG_ENABLE_OBJC_ARC = YES;
				CLANG_ENABLE_OBJC_WEAK = YES;
				CLANG_WARN_BLOCK_CAPTURE_AUTORELEASING = YES;
				CLANG_WARN_BOOL_CONVERSION = YES;
				CLANG_WARN_COMMA = YES;
				CLANG_WARN_CONSTANT_CONVERSION = YES;
				CLANG_WARN_DEPRECATED_OBJC_IMPLEMENTATIONS = YES;
				CLANG_WARN_DIRECT_OBJC_ISA_USAGE = YES_ERROR;
				CLANG_WARN_DOCUMENTATION_COMMENTS = YES;
				CLANG_WARN_EMPTY_BODY = YES;
				CLANG_WARN_ENUM_CONVERSION = YES;
				CLANG_WARN_INFINITE_RECURSION = YES;
				CLANG_WARN_INT_CONVERSION = YES;
				CLANG_WARN_NON_LITERAL_NULL_CONVERSION = YES;
				CLANG_WARN_OBJC_IMPLICIT_RETAIN_SELF = YES;
				CLANG_WARN_OBJC_LITERAL_CONVERSION = YES;
				CLANG_WARN_OBJC_ROOT_CLASS = YES_ERROR;
				CLANG_WARN_QUOTED_INCLUDE_IN_FRAMEWORK_HEADER = YES;
				CLANG_WARN_RANGE_LOOP_ANALYSIS = YES;
				CLANG_WARN_STRICT_PROTOTYPES = YES;
				CLANG_WARN_SUSPICIOUS_MOVE = YES;
				CLANG_WARN_UNGUARDED_AVAILABILITY = YES_AGGRESSIVE;
				CLANG_WARN_UNREACHABLE_CODE = YES;
				CLANG_WARN__DUPLICATE_METHOD_MATCH = YES;
				COPY_PHASE_STRIP = NO;
				DEBUG_INFORMATION_FORMAT = dwarf;
				ENABLE_STRICT_OBJC_MSGSEND = YES;
				ENABLE_TESTABILITY = YES;
				GCC_C_LANGUAGE_STANDARD = gnu11;
				GCC_DYNAMIC_NO_PIC = NO;
				GCC_NO_COMMON_BLOCKS = YES;
				GCC_OPTIMIZATION_LEVEL = 0;
				GCC_PREPROCESSOR_DEFINITIONS = (
					"DEBUG=1",
					"$(inherited)",
				);
				GCC_WARN_64_TO_32_BIT_CONVERSION = YES;
				GCC_WARN_ABOUT_RETURN_TYPE = YES_ERROR;
				GCC_WARN_UNDECLARED_SELECTOR = YES;
				GCC_WARN_UNINITIALIZED_AUTOS = YES_AGGRESSIVE;
				GCC_WARN_UNUSED_FUNCTION = YES;
				GCC_WARN_UNUSED_VARIABLE = YES;
				MACOSX_DEPLOYMENT_TARGET = 11.3;
				MTL_ENABLE_DEBUG_INFO = INCLUDE_SOURCE;
				MTL_FAST_MATH = YES;
				ONLY_ACTIVE_ARCH = YES;
				SDKROOT = macosx;
			};
			name = Debug;
		};
		C28FB73527168E1C009DCC65 /* Release */ = {
			isa = XCBuildConfiguration;
			buildSettings = {
				ALWAYS_SEARCH_USER_PATHS = NO;
				CLANG_ANALYZER_NONNULL = YES;
				CLANG_ANALYZER_NUMBER_OBJECT_CONVERSION = YES_AGGRESSIVE;
				CLANG_CXX_LANGUAGE_STANDARD = "gnu++14";
				CLANG_CXX_LIBRARY = "libc++";
				CLANG_ENABLE_MODULES = YES;
				CLANG_ENABLE_OBJC_ARC = YES;
				CLANG_ENABLE_OBJC_WEAK = YES;
				CLANG_WARN_BLOCK_CAPTURE_AUTORELEASING = YES;
				CLANG_WARN_BOOL_CONVERSION = YES;
				CLANG_WARN_COMMA = YES;
				CLANG_WARN_CONSTANT_CONVERSION = YES;
				CLANG_WARN_DEPRECATED_OBJC_IMPLEMENTATIONS = YES;
				CLANG_WARN_DIRECT_OBJC_ISA_USAGE = YES_ERROR;
				CLANG_WARN_DOCUMENTATION_COMMENTS = YES;
				CLANG_WARN_EMPTY_BODY = YES;
				CLANG_WARN_ENUM_CONVERSION = YES;
				CLANG_WARN_INFINITE_RECURSION = YES;
				CLANG_WARN_INT_CONVERSION = YES;
				CLANG_WARN_NON_LITERAL_NULL_CONVERSION = YES;
				CLANG_WARN_OBJC_IMPLICIT_RETAIN_SELF = YES;
				CLANG_WARN_OBJC_LITERAL_CONVERSION = YES;
				CLANG_WARN_OBJC_ROOT_CLASS = YES_ERROR;
				CLANG_WARN_QUOTED_INCLUDE_IN_FRAMEWORK_HEADER = YES;
				CLANG_WARN_RANGE_LOOP_ANALYSIS = YES;
				CLANG_WARN_STRICT_PROTOTYPES = YES;
				CLANG_WARN_SUSPICIOUS_MOVE = YES;
				CLANG_WARN_UNGUARDED_AVAILABILITY = YES_AGGRESSIVE;
				CLANG_WARN_UNREACHABLE_CODE = YES;
				CLANG_WARN__DUPLICATE_METHOD_MATCH = YES;
				COPY_PHASE_STRIP = NO;
				DEBUG_INFORMATION_FORMAT = "dwarf-with-dsym";
				ENABLE_NS_ASSERTIONS = NO;
				ENABLE_STRICT_OBJC_MSGSEND = YES;
				GCC_C_LANGUAGE_STANDARD = gnu11;
				GCC_NO_COMMON_BLOCKS = YES;
				GCC_WARN_64_TO_32_BIT_CONVERSION = YES;
				GCC_WARN_ABOUT_RETURN_TYPE = YES_ERROR;
				GCC_WARN_UNDECLARED_SELECTOR = YES;
				GCC_WARN_UNINITIALIZED_AUTOS = YES_AGGRESSIVE;
				GCC_WARN_UNUSED_FUNCTION = YES;
				GCC_WARN_UNUSED_VARIABLE = YES;
				MACOSX_DEPLOYMENT_TARGET = 11.3;
				MTL_ENABLE_DEBUG_INFO = NO;
				MTL_FAST_MATH = YES;
				SDKROOT = macosx;
			};
			name = Release;
		};
		C28FB73727168E1C009DCC65 /* Debug */ = {
			isa = XCBuildConfiguration;
			buildSettings = {
				CODE_SIGN_IDENTITY = "-";
				CODE_SIGN_STYLE = Automatic;
				PRODUCT_NAME = "$(TARGET_NAME)";
			};
			name = Debug;
		};
		C28FB73827168E1C009DCC65 /* Release */ = {
			isa = XCBuildConfiguration;
			buildSettings = {
				CODE_SIGN_IDENTITY = "-";
				CODE_SIGN_STYLE = Automatic;
				PRODUCT_NAME = "$(TARGET_NAME)";
			};
			name = Release;
		};
/* End XCBuildConfiguration section */

/* Begin XCConfigurationList section */
		C28FB72A27168E1C009DCC65 /* Build configuration list for PBXProject "Midterm" */ = {
			isa = XCConfigurationList;
			buildConfigurations = (
				C28FB73427168E1C009DCC65 /* Debug */,
				C28FB73527168E1C009DCC65 /* Release */,
			);
			defaultConfigurationIsVisible = 0;
			defaultConfigurationName = Release;
		};
		C28FB73627168E1C009DCC65 /* Build configuration list for PBXNativeTarget "Midterm" */ = {
			isa = XCConfigurationList;
			buildConfigurations = (
				C28FB73727168E1C009DCC65 /* Debug */,
				C28FB73827168E1C009DCC65 /* Release */,
			);
			defaultConfigurationIsVisible = 0;
			defaultConfigurationName = Release;
		};
/* End XCConfigurationList section */
	};
	rootObject = C28FB72727168E1C009DCC65 /* Project object */;
}
